// !$*UTF8*$!
{
	archiveVersion = 1;
	classes = {
	};
	objectVersion = 55;
	objects = {

/* Begin PBXBuildFile section */
		721C10BC2831793100338C9D /* GiroscopioView.swift in Sources */ = {isa = PBXBuildFile; fileRef = 721C10BB2831793100338C9D /* GiroscopioView.swift */; };
		727C186528287B1900FB1AC5 /* Tcc_iOSApp.swift in Sources */ = {isa = PBXBuildFile; fileRef = 727C186428287B1900FB1AC5 /* Tcc_iOSApp.swift */; };
		727C186728287B1900FB1AC5 /* ContentView.swift in Sources */ = {isa = PBXBuildFile; fileRef = 727C186628287B1900FB1AC5 /* ContentView.swift */; };
		727C186928287B1B00FB1AC5 /* Assets.xcassets in Resources */ = {isa = PBXBuildFile; fileRef = 727C186828287B1B00FB1AC5 /* Assets.xcassets */; };
		727C186C28287B1B00FB1AC5 /* Preview Assets.xcassets in Resources */ = {isa = PBXBuildFile; fileRef = 727C186B28287B1B00FB1AC5 /* Preview Assets.xcassets */; };
		727C18732829297600FB1AC5 /* LocalizacaoView.swift in Sources */ = {isa = PBXBuildFile; fileRef = 727C18722829297600FB1AC5 /* LocalizacaoView.swift */; };
		727C1875282954DE00FB1AC5 /* LocationManager.swift in Sources */ = {isa = PBXBuildFile; fileRef = 727C1874282954DE00FB1AC5 /* LocationManager.swift */; };
		72D6D28C28296D2600B8974F /* ListagemView.swift in Sources */ = {isa = PBXBuildFile; fileRef = 72D6D28B28296D2600B8974F /* ListagemView.swift */; };
		72D6D28E2829924A00B8974F /* ListJson.swift in Sources */ = {isa = PBXBuildFile; fileRef = 72D6D28D2829924A00B8974F /* ListJson.swift */; };
		72D6D2922829A91A00B8974F /* AcelerometroView.swift in Sources */ = {isa = PBXBuildFile; fileRef = 72D6D2912829A91A00B8974F /* AcelerometroView.swift */; };
/* End PBXBuildFile section */

/* Begin PBXFileReference section */
		721C10BB2831793100338C9D /* GiroscopioView.swift */ = {isa = PBXFileReference; lastKnownFileType = sourcecode.swift; path = GiroscopioView.swift; sourceTree = "<group>"; };
		727C186128287B1900FB1AC5 /* Tcc iOS.app */ = {isa = PBXFileReference; explicitFileType = wrapper.application; includeInIndex = 0; path = "Tcc iOS.app"; sourceTree = BUILT_PRODUCTS_DIR; };
		727C186428287B1900FB1AC5 /* Tcc_iOSApp.swift */ = {isa = PBXFileReference; lastKnownFileType = sourcecode.swift; path = Tcc_iOSApp.swift; sourceTree = "<group>"; };
		727C186628287B1900FB1AC5 /* ContentView.swift */ = {isa = PBXFileReference; lastKnownFileType = sourcecode.swift; path = ContentView.swift; sourceTree = "<group>"; };
		727C186828287B1B00FB1AC5 /* Assets.xcassets */ = {isa = PBXFileReference; lastKnownFileType = folder.assetcatalog; path = Assets.xcassets; sourceTree = "<group>"; };
		727C186B28287B1B00FB1AC5 /* Preview Assets.xcassets */ = {isa = PBXFileReference; lastKnownFileType = folder.assetcatalog; path = "Preview Assets.xcassets"; sourceTree = "<group>"; };
		727C18722829297600FB1AC5 /* LocalizacaoView.swift */ = {isa = PBXFileReference; lastKnownFileType = sourcecode.swift; path = LocalizacaoView.swift; sourceTree = "<group>"; };
		727C1874282954DE00FB1AC5 /* LocationManager.swift */ = {isa = PBXFileReference; lastKnownFileType = sourcecode.swift; path = LocationManager.swift; sourceTree = "<group>"; };
		72D6D28B28296D2600B8974F /* ListagemView.swift */ = {isa = PBXFileReference; lastKnownFileType = sourcecode.swift; path = ListagemView.swift; sourceTree = "<group>"; };
		72D6D28D2829924A00B8974F /* ListJson.swift */ = {isa = PBXFileReference; lastKnownFileType = sourcecode.swift; path = ListJson.swift; sourceTree = "<group>"; };
		72D6D2912829A91A00B8974F /* AcelerometroView.swift */ = {isa = PBXFileReference; lastKnownFileType = sourcecode.swift; path = AcelerometroView.swift; sourceTree = "<group>"; };
/* End PBXFileReference section */

/* Begin PBXFrameworksBuildPhase section */
		727C185E28287B1900FB1AC5 /* Frameworks */ = {
			isa = PBXFrameworksBuildPhase;
			buildActionMask = 2147483647;
			files = (
			);
			runOnlyForDeploymentPostprocessing = 0;
		};
/* End PBXFrameworksBuildPhase section */

/* Begin PBXGroup section */
		727C185828287B1900FB1AC5 = {
			isa = PBXGroup;
			children = (
				727C186328287B1900FB1AC5 /* Tcc iOS */,
				727C186228287B1900FB1AC5 /* Products */,
			);
			sourceTree = "<group>";
		};
		727C186228287B1900FB1AC5 /* Products */ = {
			isa = PBXGroup;
			children = (
				727C186128287B1900FB1AC5 /* Tcc iOS.app */,
			);
			name = Products;
			sourceTree = "<group>";
		};
		727C186328287B1900FB1AC5 /* Tcc iOS */ = {
			isa = PBXGroup;
			children = (
				727C186428287B1900FB1AC5 /* Tcc_iOSApp.swift */,
				727C186628287B1900FB1AC5 /* ContentView.swift */,
				727C186828287B1B00FB1AC5 /* Assets.xcassets */,
				727C186A28287B1B00FB1AC5 /* Preview Content */,
				727C18722829297600FB1AC5 /* LocalizacaoView.swift */,
				727C1874282954DE00FB1AC5 /* LocationManager.swift */,
				72D6D28B28296D2600B8974F /* ListagemView.swift */,
				72D6D28D2829924A00B8974F /* ListJson.swift */,
				72D6D2912829A91A00B8974F /* AcelerometroView.swift */,
				721C10BB2831793100338C9D /* GiroscopioView.swift */,
			);
			path = "Tcc iOS";
			sourceTree = "<group>";
		};
		727C186A28287B1B00FB1AC5 /* Preview Content */ = {
			isa = PBXGroup;
			children = (
				727C186B28287B1B00FB1AC5 /* Preview Assets.xcassets */,
			);
			path = "Preview Content";
			sourceTree = "<group>";
		};
/* End PBXGroup section */

/* Begin PBXNativeTarget section */
		727C186028287B1900FB1AC5 /* Tcc iOS */ = {
			isa = PBXNativeTarget;
			buildConfigurationList = 727C186F28287B1B00FB1AC5 /* Build configuration list for PBXNativeTarget "Tcc iOS" */;
			buildPhases = (
				727C185D28287B1900FB1AC5 /* Sources */,
				727C185E28287B1900FB1AC5 /* Frameworks */,
				727C185F28287B1900FB1AC5 /* Resources */,
			);
			buildRules = (
			);
			dependencies = (
			);
			name = "Tcc iOS";
			productName = "Tcc iOS";
			productReference = 727C186128287B1900FB1AC5 /* Tcc iOS.app */;
			productType = "com.apple.product-type.application";
		};
/* End PBXNativeTarget section */

/* Begin PBXProject section */
		727C185928287B1900FB1AC5 /* Project object */ = {
			isa = PBXProject;
			attributes = {
				BuildIndependentTargetsInParallel = 1;
				LastSwiftUpdateCheck = 1320;
				LastUpgradeCheck = 1320;
				TargetAttributes = {
					727C186028287B1900FB1AC5 = {
						CreatedOnToolsVersion = 13.2.1;
					};
				};
			};
			buildConfigurationList = 727C185C28287B1900FB1AC5 /* Build configuration list for PBXProject "Tcc iOS" */;
			compatibilityVersion = "Xcode 13.0";
			developmentRegion = en;
			hasScannedForEncodings = 0;
			knownRegions = (
				en,
				Base,
			);
			mainGroup = 727C185828287B1900FB1AC5;
			productRefGroup = 727C186228287B1900FB1AC5 /* Products */;
			projectDirPath = "";
			projectRoot = "";
			targets = (
				727C186028287B1900FB1AC5 /* Tcc iOS */,
			);
		};
/* End PBXProject section */

/* Begin PBXResourcesBuildPhase section */
		727C185F28287B1900FB1AC5 /* Resources */ = {
			isa = PBXResourcesBuildPhase;
			buildActionMask = 2147483647;
			files = (
				727C186C28287B1B00FB1AC5 /* Preview Assets.xcassets in Resources */,
				727C186928287B1B00FB1AC5 /* Assets.xcassets in Resources */,
			);
			runOnlyForDeploymentPostprocessing = 0;
		};
/* End PBXResourcesBuildPhase section */

/* Begin PBXSourcesBuildPhase section */
		727C185D28287B1900FB1AC5 /* Sources */ = {
			isa = PBXSourcesBuildPhase;
			buildActionMask = 2147483647;
			files = (
				721C10BC2831793100338C9D /* GiroscopioView.swift in Sources */,
				727C1875282954DE00FB1AC5 /* LocationManager.swift in Sources */,
				72D6D28E2829924A00B8974F /* ListJson.swift in Sources */,
				727C18732829297600FB1AC5 /* LocalizacaoView.swift in Sources */,
				727C186728287B1900FB1AC5 /* ContentView.swift in Sources */,
				727C186528287B1900FB1AC5 /* Tcc_iOSApp.swift in Sources */,
				72D6D28C28296D2600B8974F /* ListagemView.swift in Sources */,
				72D6D2922829A91A00B8974F /* AcelerometroView.swift in Sources */,
			);
			runOnlyForDeploymentPostprocessing = 0;
		};
/* End PBXSourcesBuildPhase section */

/* Begin XCBuildConfiguration section */
		727C186D28287B1B00FB1AC5 /* Debug */ = {
			isa = XCBuildConfiguration;
			buildSettings = {
				ALWAYS_SEARCH_USER_PATHS = NO;
				CLANG_ANALYZER_NONNULL = YES;
				CLANG_ANALYZER_NUMBER_OBJECT_CONVERSION = YES_AGGRESSIVE;
				CLANG_CXX_LANGUAGE_STANDARD = "gnu++17";
				CLANG_CXX_LIBRARY = "libc++";
				CLANG_ENABLE_MODULES = YES;
				CLANG_ENABLE_OBJC_ARC = YES;
				CLANG_ENABLE_OBJC_WEAK = YES;
				CLANG_WARN_BLOCK_CAPTURE_AUTORELEASING = YES;
				CLANG_WARN_BOOL_CONVERSION = YES;
				CLANG_WARN_COMMA = YES;
				CLANG_WARN_CONSTANT_CONVERSION = YES;
				CLANG_WARN_DEPRECATED_OBJC_IMPLEMENTATIONS = YES;
				CLANG_WARN_DIRECT_OBJC_ISA_USAGE = YES_ERROR;
				CLANG_WARN_DOCUMENTATION_COMMENTS = YES;
				CLANG_WARN_EMPTY_BODY = YES;
				CLANG_WARN_ENUM_CONVERSION = YES;
				CLANG_WARN_INFINITE_RECURSION = YES;
				CLANG_WARN_INT_CONVERSION = YES;
				CLANG_WARN_NON_LITERAL_NULL_CONVERSION = YES;
				CLANG_WARN_OBJC_IMPLICIT_RETAIN_SELF = YES;
				CLANG_WARN_OBJC_LITERAL_CONVERSION = YES;
				CLANG_WARN_OBJC_ROOT_CLASS = YES_ERROR;
				CLANG_WARN_QUOTED_INCLUDE_IN_FRAMEWORK_HEADER = YES;
				CLANG_WARN_RANGE_LOOP_ANALYSIS = YES;
				CLANG_WARN_STRICT_PROTOTYPES = YES;
				CLANG_WARN_SUSPICIOUS_MOVE = YES;
				CLANG_WARN_UNGUARDED_AVAILABILITY = YES_AGGRESSIVE;
				CLANG_WARN_UNREACHABLE_CODE = YES;
				CLANG_WARN__DUPLICATE_METHOD_MATCH = YES;
				COPY_PHASE_STRIP = NO;
				DEBUG_INFORMATION_FORMAT = dwarf;
				ENABLE_STRICT_OBJC_MSGSEND = YES;
				ENABLE_TESTABILITY = YES;
				GCC_C_LANGUAGE_STANDARD = gnu11;
				GCC_DYNAMIC_NO_PIC = NO;
				GCC_NO_COMMON_BLOCKS = YES;
				GCC_OPTIMIZATION_LEVEL = 0;
				GCC_PREPROCESSOR_DEFINITIONS = (
					"DEBUG=1",
					"$(inherited)",
				);
				GCC_WARN_64_TO_32_BIT_CONVERSION = YES;
				GCC_WARN_ABOUT_RETURN_TYPE = YES_ERROR;
				GCC_WARN_UNDECLARED_SELECTOR = YES;
				GCC_WARN_UNINITIALIZED_AUTOS = YES_AGGRESSIVE;
				GCC_WARN_UNUSED_FUNCTION = YES;
				GCC_WARN_UNUSED_VARIABLE = YES;
				IPHONEOS_DEPLOYMENT_TARGET = 15.2;
				MTL_ENABLE_DEBUG_INFO = INCLUDE_SOURCE;
				MTL_FAST_MATH = YES;
				ONLY_ACTIVE_ARCH = YES;
				SDKROOT = iphoneos;
				SWIFT_ACTIVE_COMPILATION_CONDITIONS = DEBUG;
				SWIFT_OPTIMIZATION_LEVEL = "-Onone";
			};
			name = Debug;
		};
		727C186E28287B1B00FB1AC5 /* Release */ = {
			isa = XCBuildConfiguration;
			buildSettings = {
				ALWAYS_SEARCH_USER_PATHS = NO;
				CLANG_ANALYZER_NONNULL = YES;
				CLANG_ANALYZER_NUMBER_OBJECT_CONVERSION = YES_AGGRESSIVE;
				CLANG_CXX_LANGUAGE_STANDARD = "gnu++17";
				CLANG_CXX_LIBRARY = "libc++";
				CLANG_ENABLE_MODULES = YES;
				CLANG_ENABLE_OBJC_ARC = YES;
				CLANG_ENABLE_OBJC_WEAK = YES;
				CLANG_WARN_BLOCK_CAPTURE_AUTORELEASING = YES;
				CLANG_WARN_BOOL_CONVERSION = YES;
				CLANG_WARN_COMMA = YES;
				CLANG_WARN_CONSTANT_CONVERSION = YES;
				CLANG_WARN_DEPRECATED_OBJC_IMPLEMENTATIONS = YES;
				CLANG_WARN_DIRECT_OBJC_ISA_USAGE = YES_ERROR;
				CLANG_WARN_DOCUMENTATION_COMMENTS = YES;
				CLANG_WARN_EMPTY_BODY = YES;
				CLANG_WARN_ENUM_CONVERSION = YES;
				CLANG_WARN_INFINITE_RECURSION = YES;
				CLANG_WARN_INT_CONVERSION = YES;
				CLANG_WARN_NON_LITERAL_NULL_CONVERSION = YES;
				CLANG_WARN_OBJC_IMPLICIT_RETAIN_SELF = YES;
				CLANG_WARN_OBJC_LITERAL_CONVERSION = YES;
				CLANG_WARN_OBJC_ROOT_CLASS = YES_ERROR;
				CLANG_WARN_QUOTED_INCLUDE_IN_FRAMEWORK_HEADER = YES;
				CLANG_WARN_RANGE_LOOP_ANALYSIS = YES;
				CLANG_WARN_STRICT_PROTOTYPES = YES;
				CLANG_WARN_SUSPICIOUS_MOVE = YES;
				CLANG_WARN_UNGUARDED_AVAILABILITY = YES_AGGRESSIVE;
				CLANG_WARN_UNREACHABLE_CODE = YES;
				CLANG_WARN__DUPLICATE_METHOD_MATCH = YES;
				COPY_PHASE_STRIP = NO;
				DEBUG_INFORMATION_FORMAT = "dwarf-with-dsym";
				ENABLE_NS_ASSERTIONS = NO;
				ENABLE_STRICT_OBJC_MSGSEND = YES;
				GCC_C_LANGUAGE_STANDARD = gnu11;
				GCC_NO_COMMON_BLOCKS = YES;
				GCC_WARN_64_TO_32_BIT_CONVERSION = YES;
				GCC_WARN_ABOUT_RETURN_TYPE = YES_ERROR;
				GCC_WARN_UNDECLARED_SELECTOR = YES;
				GCC_WARN_UNINITIALIZED_AUTOS = YES_AGGRESSIVE;
				GCC_WARN_UNUSED_FUNCTION = YES;
				GCC_WARN_UNUSED_VARIABLE = YES;
				IPHONEOS_DEPLOYMENT_TARGET = 15.2;
				MTL_ENABLE_DEBUG_INFO = NO;
				MTL_FAST_MATH = YES;
				SDKROOT = iphoneos;
				SWIFT_COMPILATION_MODE = wholemodule;
				SWIFT_OPTIMIZATION_LEVEL = "-O";
				VALIDATE_PRODUCT = YES;
			};
			name = Release;
		};
		727C187028287B1B00FB1AC5 /* Debug */ = {
			isa = XCBuildConfiguration;
			buildSettings = {
				ASSETCATALOG_COMPILER_APPICON_NAME = AppIcon;
				ASSETCATALOG_COMPILER_GLOBAL_ACCENT_COLOR_NAME = AccentColor;
				CODE_SIGN_STYLE = Automatic;
				CURRENT_PROJECT_VERSION = 1;
				DEVELOPMENT_ASSET_PATHS = "\"Tcc iOS/Preview Content\"";
				DEVELOPMENT_TEAM = 8448SDBA8X;
				ENABLE_PREVIEWS = YES;
				GENERATE_INFOPLIST_FILE = YES;
				INFOPLIST_KEY_NSLocationWhenInUseUsageDescription = "Precisamos de acesso a localização ";
				INFOPLIST_KEY_UIApplicationSceneManifest_Generation = YES;
				INFOPLIST_KEY_UIApplicationSupportsIndirectInputEvents = YES;
				INFOPLIST_KEY_UILaunchScreen_Generation = YES;
				INFOPLIST_KEY_UISupportedInterfaceOrientations_iPad = "UIInterfaceOrientationPortrait UIInterfaceOrientationPortraitUpsideDown UIInterfaceOrientationLandscapeLeft UIInterfaceOrientationLandscapeRight";
				INFOPLIST_KEY_UISupportedInterfaceOrientations_iPhone = "UIInterfaceOrientationPortrait UIInterfaceOrientationLandscapeLeft UIInterfaceOrientationLandscapeRight";
				LD_RUNPATH_SEARCH_PATHS = (
					"$(inherited)",
					"@executable_path/Frameworks",
				);
				MARKETING_VERSION = 1.0;
				PRODUCT_BUNDLE_IDENTIFIER = "com.ibirajunior.Tcc-iOS";
				PRODUCT_NAME = "$(TARGET_NAME)";
				SWIFT_EMIT_LOC_STRINGS = YES;
				SWIFT_VERSION = 5.0;
				TARGETED_DEVICE_FAMILY = "1,2";
			};
			name = Debug;
		};
		727C187128287B1B00FB1AC5 /* Release */ = {
			isa = XCBuildConfiguration;
			buildSettings = {
				ASSETCATALOG_COMPILER_APPICON_NAME = AppIcon;
				ASSETCATALOG_COMPILER_GLOBAL_ACCENT_COLOR_NAME = AccentColor;
				CODE_SIGN_STYLE = Automatic;
				CURRENT_PROJECT_VERSION = 1;
				DEVELOPMENT_ASSET_PATHS = "\"Tcc iOS/Preview Content\"";
				DEVELOPMENT_TEAM = 8448SDBA8X;
				ENABLE_PREVIEWS = YES;
				GENERATE_INFOPLIST_FILE = YES;
				INFOPLIST_KEY_NSLocationWhenInUseUsageDescription = "Precisamos de acesso a localização ";
				INFOPLIST_KEY_UIApplicationSceneManifest_Generation = YES;
				INFOPLIST_KEY_UIApplicationSupportsIndirectInputEvents = YES;
				INFOPLIST_KEY_UILaunchScreen_Generation = YES;
				INFOPLIST_KEY_UISupportedInterfaceOrientations_iPad = "UIInterfaceOrientationPortrait UIInterfaceOrientationPortraitUpsideDown UIInterfaceOrientationLandscapeLeft UIInterfaceOrientationLandscapeRight";
				INFOPLIST_KEY_UISupportedInterfaceOrientations_iPhone = "UIInterfaceOrientationPortrait UIInterfaceOrientationLandscapeLeft UIInterfaceOrientationLandscapeRight";
				LD_RUNPATH_SEARCH_PATHS = (
					"$(inherited)",
					"@executable_path/Frameworks",
				);
				MARKETING_VERSION = 1.0;
				PRODUCT_BUNDLE_IDENTIFIER = "com.ibirajunior.Tcc-iOS";
				PRODUCT_NAME = "$(TARGET_NAME)";
				SWIFT_EMIT_LOC_STRINGS = YES;
				SWIFT_VERSION = 5.0;
				TARGETED_DEVICE_FAMILY = "1,2";
			};
			name = Release;
		};
/* End XCBuildConfiguration section */

/* Begin XCConfigurationList section */
		727C185C28287B1900FB1AC5 /* Build configuration list for PBXProject "Tcc iOS" */ = {
			isa = XCConfigurationList;
			buildConfigurations = (
				727C186D28287B1B00FB1AC5 /* Debug */,
				727C186E28287B1B00FB1AC5 /* Release */,
			);
			defaultConfigurationIsVisible = 0;
			defaultConfigurationName = Release;
		};
		727C186F28287B1B00FB1AC5 /* Build configuration list for PBXNativeTarget "Tcc iOS" */ = {
			isa = XCConfigurationList;
			buildConfigurations = (
				727C187028287B1B00FB1AC5 /* Debug */,
				727C187128287B1B00FB1AC5 /* Release */,
			);
			defaultConfigurationIsVisible = 0;
			defaultConfigurationName = Release;
		};
/* End XCConfigurationList section */
	};
	rootObject = 727C185928287B1900FB1AC5 /* Project object */;
}
